
Microsoft Visual Studio Solution File, Format Version 12.00
# Visual Studio Version 17
VisualStudioVersion = 17.8.34309.116
MinimumVisualStudioVersion = 10.0.40219.1
Project("{FAE04EC0-301F-11D3-BF4B-00C04F79EFBC}") = "Ekka_Shopping", "Ekka_Shopping\Ekka_Shopping.csproj", "{FFCB6C74-AA6B-46CB-A63F-C31E5B2FAE31}"
EndProject
Global
	GlobalSection(SolutionConfigurationPlatforms) = preSolution
		Debug|Any CPU = Debug|Any CPU
		Release|Any CPU = Release|Any CPU
	EndGlobalSection
	GlobalSection(ProjectConfigurationPlatforms) = postSolution
		{FFCB6C74-AA6B-46CB-A63F-C31E5B2FAE31}.Debug|Any CPU.ActiveCfg = Debug|Any CPU
		{FFCB6C74-AA6B-46CB-A63F-C31E5B2FAE31}.Debug|Any CPU.Build.0 = Debug|Any CPU
		{FFCB6C74-AA6B-46CB-A63F-C31E5B2FAE31}.Release|Any CPU.ActiveCfg = Release|Any CPU
		{FFCB6C74-AA6B-46CB-A63F-C31E5B2FAE31}.Release|Any CPU.Build.0 = Release|Any CPU
	EndGlobalSection
	GlobalSection(SolutionProperties) = preSolution
		HideSolutionNode = FALSE
	EndGlobalSection
	GlobalSection(ExtensibilityGlobals) = postSolution
		SolutionGuid = {67B0B1DF-1E1B-4482-9E30-277C3466CB56}
	EndGlobalSection
EndGlobal
